{"filter":false,"title":"package-lock.json","tooltip":"/package-lock.json","undoManager":{"mark":-1,"position":-1,"stack":[]},"ace":{"folds":[],"scrolltop":6405,"scrollleft":0,"selection":{"start":{"row":6,"column":4},"end":{"row":424,"column":5},"isBackwards":false},"options":{"guessTabSize":true,"useWrapMode":false,"wrapToView":true},"firstLineState":{"row":399,"state":"start","mode":"ace/mode/json"}},"timestamp":1501574012654,"hash":"5b6ee336b1f351df614c7daccb2d0efeaff6b2f2"}